
Microsoft Visual Studio Solution File, Format Version 12.00
# Visual Studio 15
VisualStudioVersion = 15.0.28307.572
MinimumVisualStudioVersion = 10.0.40219.1
Project("{9A19103F-16F7-4668-BE54-9A1E7A4F7556}") = "coreapi", "coreapi.csproj", "{7CE1CA65-E346-4D2A-BEB3-AE0D12B34320}"
EndProject
Global
	GlobalSection(SolutionConfigurationPlatforms) = preSolution
		Debug|Any CPU = Debug|Any CPU
		Release|Any CPU = Release|Any CPU
	EndGlobalSection
	GlobalSection(ProjectConfigurationPlatforms) = postSolution
		{7CE1CA65-E346-4D2A-BEB3-AE0D12B34320}.Debug|Any CPU.ActiveCfg = Debug|Any CPU
		{7CE1CA65-E346-4D2A-BEB3-AE0D12B34320}.Debug|Any CPU.Build.0 = Debug|Any CPU
		{7CE1CA65-E346-4D2A-BEB3-AE0D12B34320}.Release|Any CPU.ActiveCfg = Release|Any CPU
		{7CE1CA65-E346-4D2A-BEB3-AE0D12B34320}.Release|Any CPU.Build.0 = Release|Any CPU
	EndGlobalSection
	GlobalSection(SolutionProperties) = preSolution
		HideSolutionNode = FALSE
	EndGlobalSection
	GlobalSection(ExtensibilityGlobals) = postSolution
		SolutionGuid = {36403992-9176-448C-A6D8-FD4826C80197}
	EndGlobalSection
EndGlobal
